
Microsoft Visual Studio Solution File, Format Version 12.00
# Visual Studio 15
VisualStudioVersion = 15.0.27130.2010
MinimumVisualStudioVersion = 10.0.40219.1
Project("{8BC9CEB8-8B4A-11D0-8D11-00A0C91BC942}") = "regionscanline", "regionscanline\regionscanline.vcxproj", "{78417D74-E6DC-4848-8E7C-44C2AD647A7D}"
EndProject
Global
	GlobalSection(SolutionConfigurationPlatforms) = preSolution
		Debug|x64 = Debug|x64
		Debug|x86 = Debug|x86
		Release|x64 = Release|x64
		Release|x86 = Release|x86
	EndGlobalSection
	GlobalSection(ProjectConfigurationPlatforms) = postSolution
		{78417D74-E6DC-4848-8E7C-44C2AD647A7D}.Debug|x64.ActiveCfg = Debug|x64
		{78417D74-E6DC-4848-8E7C-44C2AD647A7D}.Debug|x64.Build.0 = Debug|x64
		{78417D74-E6DC-4848-8E7C-44C2AD647A7D}.Debug|x86.ActiveCfg = Debug|Win32
		{78417D74-E6DC-4848-8E7C-44C2AD647A7D}.Debug|x86.Build.0 = Debug|Win32
		{78417D74-E6DC-4848-8E7C-44C2AD647A7D}.Release|x64.ActiveCfg = Release|x64
		{78417D74-E6DC-4848-8E7C-44C2AD647A7D}.Release|x64.Build.0 = Release|x64
		{78417D74-E6DC-4848-8E7C-44C2AD647A7D}.Release|x86.ActiveCfg = Release|Win32
		{78417D74-E6DC-4848-8E7C-44C2AD647A7D}.Release|x86.Build.0 = Release|Win32
	EndGlobalSection
	GlobalSection(SolutionProperties) = preSolution
		HideSolutionNode = FALSE
	EndGlobalSection
	GlobalSection(ExtensibilityGlobals) = postSolution
		SolutionGuid = {F1A0D234-4E8D-43EB-B99A-40CB20A4C6C4}
	EndGlobalSection
EndGlobal
